// !$*UTF8*$!
{
	archiveVersion = 1;
	classes = {
	};
	objectVersion = 46;
	objects = {

/* Begin PBXBuildFile section */
		590840631DC1DA9100D17852 /* ActionsViewController.m in Sources */ = {isa = PBXBuildFile; fileRef = 590840621DC1DA9100D17852 /* ActionsViewController.m */; };
		5908406D1DC2015C00D17852 /* State.m in Sources */ = {isa = PBXBuildFile; fileRef = 5908406C1DC2015C00D17852 /* State.m */; };
		590840701DC2019E00D17852 /* SqueezeIntoBallState.m in Sources */ = {isa = PBXBuildFile; fileRef = 5908406F1DC2019E00D17852 /* SqueezeIntoBallState.m */; };
		590840731DC2115C00D17852 /* DryState.m in Sources */ = {isa = PBXBuildFile; fileRef = 590840721DC2115C00D17852 /* DryState.m */; };
		590840761DC2116A00D17852 /* WetState.m in Sources */ = {isa = PBXBuildFile; fileRef = 590840751DC2116A00D17852 /* WetState.m */; };
		590840791DC2272300D17852 /* SandState.m in Sources */ = {isa = PBXBuildFile; fileRef = 590840781DC2272300D17852 /* SandState.m */; };
		5908407F1DC22AAB00D17852 /* InstructionsViewController.m in Sources */ = {isa = PBXBuildFile; fileRef = 5908407E1DC22AAB00D17852 /* InstructionsViewController.m */; };
		590840841DC2636E00D17852 /* KneadState.m in Sources */ = {isa = PBXBuildFile; fileRef = 590840831DC2636E00D17852 /* KneadState.m */; };
		590840871DC263E400D17852 /* BaseViewController.m in Sources */ = {isa = PBXBuildFile; fileRef = 590840861DC263E400D17852 /* BaseViewController.m */; };
		5908408A1DC26D9800D17852 /* WateryState.m in Sources */ = {isa = PBXBuildFile; fileRef = 590840891DC26D9800D17852 /* WateryState.m */; };
		5908408D1DC272A900D17852 /* ResultsViewController.m in Sources */ = {isa = PBXBuildFile; fileRef = 5908408C1DC272A900D17852 /* ResultsViewController.m */; };
		590840901DC28C2100D17852 /* iconImage.png in Resources */ = {isa = PBXBuildFile; fileRef = 5908408F1DC28C2100D17852 /* iconImage.png */; };
		59843B271DC0041400E64DEB /* main.m in Sources */ = {isa = PBXBuildFile; fileRef = 59843B261DC0041400E64DEB /* main.m */; };
		59843B2A1DC0041400E64DEB /* AppDelegate.m in Sources */ = {isa = PBXBuildFile; fileRef = 59843B291DC0041400E64DEB /* AppDelegate.m */; };
		59843B301DC0041400E64DEB /* Main.storyboard in Resources */ = {isa = PBXBuildFile; fileRef = 59843B2E1DC0041400E64DEB /* Main.storyboard */; };
		59843B321DC0041400E64DEB /* Assets.xcassets in Resources */ = {isa = PBXBuildFile; fileRef = 59843B311DC0041400E64DEB /* Assets.xcassets */; };
		59843B351DC0041400E64DEB /* LaunchScreen.storyboard in Resources */ = {isa = PBXBuildFile; fileRef = 59843B331DC0041400E64DEB /* LaunchScreen.storyboard */; };
/* End PBXBuildFile section */

/* Begin PBXFileReference section */
		590840611DC1DA9100D17852 /* ActionsViewController.h */ = {isa = PBXFileReference; fileEncoding = 4; lastKnownFileType = sourcecode.c.h; path = ActionsViewController.h; sourceTree = "<group>"; };
		590840621DC1DA9100D17852 /* ActionsViewController.m */ = {isa = PBXFileReference; fileEncoding = 4; lastKnownFileType = sourcecode.c.objc; path = ActionsViewController.m; sourceTree = "<group>"; };
		5908406B1DC2015C00D17852 /* State.h */ = {isa = PBXFileReference; fileEncoding = 4; lastKnownFileType = sourcecode.c.h; path = State.h; sourceTree = "<group>"; };
		5908406C1DC2015C00D17852 /* State.m */ = {isa = PBXFileReference; fileEncoding = 4; lastKnownFileType = sourcecode.c.objc; path = State.m; sourceTree = "<group>"; };
		5908406E1DC2019E00D17852 /* SqueezeIntoBallState.h */ = {isa = PBXFileReference; fileEncoding = 4; lastKnownFileType = sourcecode.c.h; path = SqueezeIntoBallState.h; sourceTree = "<group>"; };
		5908406F1DC2019E00D17852 /* SqueezeIntoBallState.m */ = {isa = PBXFileReference; fileEncoding = 4; lastKnownFileType = sourcecode.c.objc; path = SqueezeIntoBallState.m; sourceTree = "<group>"; };
		590840711DC2115C00D17852 /* DryState.h */ = {isa = PBXFileReference; fileEncoding = 4; lastKnownFileType = sourcecode.c.h; path = DryState.h; sourceTree = "<group>"; };
		590840721DC2115C00D17852 /* DryState.m */ = {isa = PBXFileReference; fileEncoding = 4; lastKnownFileType = sourcecode.c.objc; path = DryState.m; sourceTree = "<group>"; };
		590840741DC2116A00D17852 /* WetState.h */ = {isa = PBXFileReference; fileEncoding = 4; lastKnownFileType = sourcecode.c.h; path = WetState.h; sourceTree = "<group>"; };
		590840751DC2116A00D17852 /* WetState.m */ = {isa = PBXFileReference; fileEncoding = 4; lastKnownFileType = sourcecode.c.objc; path = WetState.m; sourceTree = "<group>"; };
		590840771DC2272300D17852 /* SandState.h */ = {isa = PBXFileReference; fileEncoding = 4; lastKnownFileType = sourcecode.c.h; path = SandState.h; sourceTree = "<group>"; };
		590840781DC2272300D17852 /* SandState.m */ = {isa = PBXFileReference; fileEncoding = 4; lastKnownFileType = sourcecode.c.objc; path = SandState.m; sourceTree = "<group>"; };
		5908407A1DC2275200D17852 /* KneadState.h */ = {isa = PBXFileReference; fileEncoding = 4; lastKnownFileType = sourcecode.c.h; path = KneadState.h; sourceTree = "<group>"; };
		5908407D1DC22AAB00D17852 /* InstructionsViewController.h */ = {isa = PBXFileReference; fileEncoding = 4; lastKnownFileType = sourcecode.c.h; path = InstructionsViewController.h; sourceTree = "<group>"; };
		5908407E1DC22AAB00D17852 /* InstructionsViewController.m */ = {isa = PBXFileReference; fileEncoding = 4; lastKnownFileType = sourcecode.c.objc; path = InstructionsViewController.m; sourceTree = "<group>"; };
		590840831DC2636E00D17852 /* KneadState.m */ = {isa = PBXFileReference; fileEncoding = 4; lastKnownFileType = sourcecode.c.objc; path = KneadState.m; sourceTree = "<group>"; };
		590840851DC263E400D17852 /* BaseViewController.h */ = {isa = PBXFileReference; fileEncoding = 4; lastKnownFileType = sourcecode.c.h; path = BaseViewController.h; sourceTree = "<group>"; };
		590840861DC263E400D17852 /* BaseViewController.m */ = {isa = PBXFileReference; fileEncoding = 4; lastKnownFileType = sourcecode.c.objc; path = BaseViewController.m; sourceTree = "<group>"; };
		590840881DC26D9800D17852 /* WateryState.h */ = {isa = PBXFileReference; fileEncoding = 4; lastKnownFileType = sourcecode.c.h; path = WateryState.h; sourceTree = "<group>"; };
		590840891DC26D9800D17852 /* WateryState.m */ = {isa = PBXFileReference; fileEncoding = 4; lastKnownFileType = sourcecode.c.objc; path = WateryState.m; sourceTree = "<group>"; };
		5908408B1DC272A900D17852 /* ResultsViewController.h */ = {isa = PBXFileReference; fileEncoding = 4; lastKnownFileType = sourcecode.c.h; path = ResultsViewController.h; sourceTree = "<group>"; };
		5908408C1DC272A900D17852 /* ResultsViewController.m */ = {isa = PBXFileReference; fileEncoding = 4; lastKnownFileType = sourcecode.c.objc; path = ResultsViewController.m; sourceTree = "<group>"; };
		5908408F1DC28C2100D17852 /* iconImage.png */ = {isa = PBXFileReference; lastKnownFileType = image.png; path = iconImage.png; sourceTree = "<group>"; };
		59843B221DC0041400E64DEB /* SoilTester.app */ = {isa = PBXFileReference; explicitFileType = wrapper.application; includeInIndex = 0; path = SoilTester.app; sourceTree = BUILT_PRODUCTS_DIR; };
		59843B261DC0041400E64DEB /* main.m */ = {isa = PBXFileReference; lastKnownFileType = sourcecode.c.objc; path = main.m; sourceTree = "<group>"; };
		59843B281DC0041400E64DEB /* AppDelegate.h */ = {isa = PBXFileReference; lastKnownFileType = sourcecode.c.h; path = AppDelegate.h; sourceTree = "<group>"; };
		59843B291DC0041400E64DEB /* AppDelegate.m */ = {isa = PBXFileReference; lastKnownFileType = sourcecode.c.objc; path = AppDelegate.m; sourceTree = "<group>"; };
		59843B2F1DC0041400E64DEB /* Base */ = {isa = PBXFileReference; lastKnownFileType = file.storyboard; name = Base; path = Base.lproj/Main.storyboard; sourceTree = "<group>"; };
		59843B311DC0041400E64DEB /* Assets.xcassets */ = {isa = PBXFileReference; lastKnownFileType = folder.assetcatalog; path = Assets.xcassets; sourceTree = "<group>"; };
		59843B341DC0041400E64DEB /* Base */ = {isa = PBXFileReference; lastKnownFileType = file.storyboard; name = Base; path = Base.lproj/LaunchScreen.storyboard; sourceTree = "<group>"; };
		59843B361DC0041400E64DEB /* Info.plist */ = {isa = PBXFileReference; lastKnownFileType = text.plist.xml; path = Info.plist; sourceTree = "<group>"; };
/* End PBXFileReference section */

/* Begin PBXFrameworksBuildPhase section */
		59843B1F1DC0041300E64DEB /* Frameworks */ = {
			isa = PBXFrameworksBuildPhase;
			buildActionMask = 2147483647;
			files = (
			);
			runOnlyForDeploymentPostprocessing = 0;
		};
/* End PBXFrameworksBuildPhase section */

/* Begin PBXGroup section */
		5908406A1DC2012D00D17852 /* States */ = {
			isa = PBXGroup;
			children = (
				5908406B1DC2015C00D17852 /* State.h */,
				5908406C1DC2015C00D17852 /* State.m */,
				5908407A1DC2275200D17852 /* KneadState.h */,
				590840831DC2636E00D17852 /* KneadState.m */,
				5908406E1DC2019E00D17852 /* SqueezeIntoBallState.h */,
				5908406F1DC2019E00D17852 /* SqueezeIntoBallState.m */,
				590840711DC2115C00D17852 /* DryState.h */,
				590840721DC2115C00D17852 /* DryState.m */,
				590840741DC2116A00D17852 /* WetState.h */,
				590840751DC2116A00D17852 /* WetState.m */,
				590840771DC2272300D17852 /* SandState.h */,
				590840781DC2272300D17852 /* SandState.m */,
				590840881DC26D9800D17852 /* WateryState.h */,
				590840891DC26D9800D17852 /* WateryState.m */,
			);
			path = States;
			sourceTree = "<group>";
		};
		5908408E1DC28C2100D17852 /* Images */ = {
			isa = PBXGroup;
			children = (
				5908408F1DC28C2100D17852 /* iconImage.png */,
			);
			path = Images;
			sourceTree = "<group>";
		};
		59843B191DC0041300E64DEB = {
			isa = PBXGroup;
			children = (
				59843B241DC0041400E64DEB /* SoilTester */,
				59843B231DC0041400E64DEB /* Products */,
			);
			sourceTree = "<group>";
		};
		59843B231DC0041400E64DEB /* Products */ = {
			isa = PBXGroup;
			children = (
				59843B221DC0041400E64DEB /* SoilTester.app */,
			);
			name = Products;
			sourceTree = "<group>";
		};
		59843B241DC0041400E64DEB /* SoilTester */ = {
			isa = PBXGroup;
			children = (
				59843B281DC0041400E64DEB /* AppDelegate.h */,
				59843B291DC0041400E64DEB /* AppDelegate.m */,
				59843B2E1DC0041400E64DEB /* Main.storyboard */,
				590840851DC263E400D17852 /* BaseViewController.h */,
				590840861DC263E400D17852 /* BaseViewController.m */,
				5908407D1DC22AAB00D17852 /* InstructionsViewController.h */,
				5908407E1DC22AAB00D17852 /* InstructionsViewController.m */,
				590840611DC1DA9100D17852 /* ActionsViewController.h */,
				590840621DC1DA9100D17852 /* ActionsViewController.m */,
				5908408B1DC272A900D17852 /* ResultsViewController.h */,
				5908408C1DC272A900D17852 /* ResultsViewController.m */,
				5908406A1DC2012D00D17852 /* States */,
				5908408E1DC28C2100D17852 /* Images */,
				59843B311DC0041400E64DEB /* Assets.xcassets */,
				59843B331DC0041400E64DEB /* LaunchScreen.storyboard */,
				59843B361DC0041400E64DEB /* Info.plist */,
				59843B251DC0041400E64DEB /* Supporting Files */,
			);
			path = SoilTester;
			sourceTree = "<group>";
		};
		59843B251DC0041400E64DEB /* Supporting Files */ = {
			isa = PBXGroup;
			children = (
				59843B261DC0041400E64DEB /* main.m */,
			);
			name = "Supporting Files";
			sourceTree = "<group>";
		};
/* End PBXGroup section */

/* Begin PBXNativeTarget section */
		59843B211DC0041300E64DEB /* SoilTester */ = {
			isa = PBXNativeTarget;
			buildConfigurationList = 59843B391DC0041400E64DEB /* Build configuration list for PBXNativeTarget "SoilTester" */;
			buildPhases = (
				59843B1E1DC0041300E64DEB /* Sources */,
				59843B1F1DC0041300E64DEB /* Frameworks */,
				59843B201DC0041300E64DEB /* Resources */,
			);
			buildRules = (
			);
			dependencies = (
			);
			name = SoilTester;
			productName = SoilTester;
			productReference = 59843B221DC0041400E64DEB /* SoilTester.app */;
			productType = "com.apple.product-type.application";
		};
/* End PBXNativeTarget section */

/* Begin PBXProject section */
		59843B1A1DC0041300E64DEB /* Project object */ = {
			isa = PBXProject;
			attributes = {
				LastUpgradeCheck = 0800;
				ORGANIZATIONNAME = "Navaneet Sarma";
				TargetAttributes = {
					59843B211DC0041300E64DEB = {
						CreatedOnToolsVersion = 8.0;
						ProvisioningStyle = Automatic;
					};
				};
			};
			buildConfigurationList = 59843B1D1DC0041300E64DEB /* Build configuration list for PBXProject "SoilTester" */;
			compatibilityVersion = "Xcode 3.2";
			developmentRegion = English;
			hasScannedForEncodings = 0;
			knownRegions = (
				en,
				Base,
			);
			mainGroup = 59843B191DC0041300E64DEB;
			productRefGroup = 59843B231DC0041400E64DEB /* Products */;
			projectDirPath = "";
			projectRoot = "";
			targets = (
				59843B211DC0041300E64DEB /* SoilTester */,
			);
		};
/* End PBXProject section */

/* Begin PBXResourcesBuildPhase section */
		59843B201DC0041300E64DEB /* Resources */ = {
			isa = PBXResourcesBuildPhase;
			buildActionMask = 2147483647;
			files = (
				590840901DC28C2100D17852 /* iconImage.png in Resources */,
				59843B351DC0041400E64DEB /* LaunchScreen.storyboard in Resources */,
				59843B321DC0041400E64DEB /* Assets.xcassets in Resources */,
				59843B301DC0041400E64DEB /* Main.storyboard in Resources */,
			);
			runOnlyForDeploymentPostprocessing = 0;
		};
/* End PBXResourcesBuildPhase section */

/* Begin PBXSourcesBuildPhase section */
		59843B1E1DC0041300E64DEB /* Sources */ = {
			isa = PBXSourcesBuildPhase;
			buildActionMask = 2147483647;
			files = (
				59843B2A1DC0041400E64DEB /* AppDelegate.m in Sources */,
				590840761DC2116A00D17852 /* WetState.m in Sources */,
				590840871DC263E400D17852 /* BaseViewController.m in Sources */,
				590840631DC1DA9100D17852 /* ActionsViewController.m in Sources */,
				59843B271DC0041400E64DEB /* main.m in Sources */,
				590840731DC2115C00D17852 /* DryState.m in Sources */,
				590840791DC2272300D17852 /* SandState.m in Sources */,
				5908406D1DC2015C00D17852 /* State.m in Sources */,
				590840701DC2019E00D17852 /* SqueezeIntoBallState.m in Sources */,
				5908408A1DC26D9800D17852 /* WateryState.m in Sources */,
				5908407F1DC22AAB00D17852 /* InstructionsViewController.m in Sources */,
				590840841DC2636E00D17852 /* KneadState.m in Sources */,
				5908408D1DC272A900D17852 /* ResultsViewController.m in Sources */,
			);
			runOnlyForDeploymentPostprocessing = 0;
		};
/* End PBXSourcesBuildPhase section */

/* Begin PBXVariantGroup section */
		59843B2E1DC0041400E64DEB /* Main.storyboard */ = {
			isa = PBXVariantGroup;
			children = (
				59843B2F1DC0041400E64DEB /* Base */,
			);
			name = Main.storyboard;
			sourceTree = "<group>";
		};
		59843B331DC0041400E64DEB /* LaunchScreen.storyboard */ = {
			isa = PBXVariantGroup;
			children = (
				59843B341DC0041400E64DEB /* Base */,
			);
			name = LaunchScreen.storyboard;
			sourceTree = "<group>";
		};
/* End PBXVariantGroup section */

/* Begin XCBuildConfiguration section */
		59843B371DC0041400E64DEB /* Debug */ = {
			isa = XCBuildConfiguration;
			buildSettings = {
				ALWAYS_SEARCH_USER_PATHS = NO;
				CLANG_ANALYZER_NONNULL = YES;
				CLANG_CXX_LANGUAGE_STANDARD = "gnu++0x";
				CLANG_CXX_LIBRARY = "libc++";
				CLANG_ENABLE_MODULES = YES;
				CLANG_ENABLE_OBJC_ARC = YES;
				CLANG_WARN_BOOL_CONVERSION = YES;
				CLANG_WARN_CONSTANT_CONVERSION = YES;
				CLANG_WARN_DIRECT_OBJC_ISA_USAGE = YES_ERROR;
				CLANG_WARN_DOCUMENTATION_COMMENTS = YES;
				CLANG_WARN_EMPTY_BODY = YES;
				CLANG_WARN_ENUM_CONVERSION = YES;
				CLANG_WARN_INFINITE_RECURSION = YES;
				CLANG_WARN_INT_CONVERSION = YES;
				CLANG_WARN_OBJC_ROOT_CLASS = YES_ERROR;
				CLANG_WARN_SUSPICIOUS_MOVES = YES;
				CLANG_WARN_UNREACHABLE_CODE = YES;
				CLANG_WARN__DUPLICATE_METHOD_MATCH = YES;
				"CODE_SIGN_IDENTITY[sdk=iphoneos*]" = "iPhone Developer";
				COPY_PHASE_STRIP = NO;
				DEBUG_INFORMATION_FORMAT = dwarf;
				ENABLE_STRICT_OBJC_MSGSEND = YES;
				ENABLE_TESTABILITY = YES;
				GCC_C_LANGUAGE_STANDARD = gnu99;
				GCC_DYNAMIC_NO_PIC = NO;
				GCC_NO_COMMON_BLOCKS = YES;
				GCC_OPTIMIZATION_LEVEL = 0;
				GCC_PREPROCESSOR_DEFINITIONS = (
					"DEBUG=1",
					"$(inherited)",
				);
				GCC_WARN_64_TO_32_BIT_CONVERSION = YES;
				GCC_WARN_ABOUT_RETURN_TYPE = YES_ERROR;
				GCC_WARN_UNDECLARED_SELECTOR = YES;
				GCC_WARN_UNINITIALIZED_AUTOS = YES_AGGRESSIVE;
				GCC_WARN_UNUSED_FUNCTION = YES;
				GCC_WARN_UNUSED_VARIABLE = YES;
				IPHONEOS_DEPLOYMENT_TARGET = 10.0;
				MTL_ENABLE_DEBUG_INFO = YES;
				ONLY_ACTIVE_ARCH = YES;
				SDKROOT = iphoneos;
				TARGETED_DEVICE_FAMILY = "1,2";
			};
			name = Debug;
		};
		59843B381DC0041400E64DEB /* Release */ = {
			isa = XCBuildConfiguration;
			buildSettings = {
				ALWAYS_SEARCH_USER_PATHS = NO;
				CLANG_ANALYZER_NONNULL = YES;
				CLANG_CXX_LANGUAGE_STANDARD = "gnu++0x";
				CLANG_CXX_LIBRARY = "libc++";
				CLANG_ENABLE_MODULES = YES;
				CLANG_ENABLE_OBJC_ARC = YES;
				CLANG_WARN_BOOL_CONVERSION = YES;
				CLANG_WARN_CONSTANT_CONVERSION = YES;
				CLANG_WARN_DIRECT_OBJC_ISA_USAGE = YES_ERROR;
				CLANG_WARN_DOCUMENTATION_COMMENTS = YES;
				CLANG_WARN_EMPTY_BODY = YES;
				CLANG_WARN_ENUM_CONVERSION = YES;
				CLANG_WARN_INFINITE_RECURSION = YES;
				CLANG_WARN_INT_CONVERSION = YES;
				CLANG_WARN_OBJC_ROOT_CLASS = YES_ERROR;
				CLANG_WARN_SUSPICIOUS_MOVES = YES;
				CLANG_WARN_UNREACHABLE_CODE = YES;
				CLANG_WARN__DUPLICATE_METHOD_MATCH = YES;
				"CODE_SIGN_IDENTITY[sdk=iphoneos*]" = "iPhone Developer";
				COPY_PHASE_STRIP = NO;
				DEBUG_INFORMATION_FORMAT = "dwarf-with-dsym";
				ENABLE_NS_ASSERTIONS = NO;
				ENABLE_STRICT_OBJC_MSGSEND = YES;
				GCC_C_LANGUAGE_STANDARD = gnu99;
				GCC_NO_COMMON_BLOCKS = YES;
				GCC_WARN_64_TO_32_BIT_CONVERSION = YES;
				GCC_WARN_ABOUT_RETURN_TYPE = YES_ERROR;
				GCC_WARN_UNDECLARED_SELECTOR = YES;
				GCC_WARN_UNINITIALIZED_AUTOS = YES_AGGRESSIVE;
				GCC_WARN_UNUSED_FUNCTION = YES;
				GCC_WARN_UNUSED_VARIABLE = YES;
				IPHONEOS_DEPLOYMENT_TARGET = 10.0;
				MTL_ENABLE_DEBUG_INFO = NO;
				SDKROOT = iphoneos;
				TARGETED_DEVICE_FAMILY = "1,2";
				VALIDATE_PRODUCT = YES;
			};
			name = Release;
		};
		59843B3A1DC0041400E64DEB /* Debug */ = {
			isa = XCBuildConfiguration;
			buildSettings = {
				ASSETCATALOG_COMPILER_APPICON_NAME = AppIcon;
				INFOPLIST_FILE = SoilTester/Info.plist;
				IPHONEOS_DEPLOYMENT_TARGET = 8.0;
				LD_RUNPATH_SEARCH_PATHS = "$(inherited) @executable_path/Frameworks";
				PRODUCT_BUNDLE_IDENTIFIER = com.navaneet.sarma.SoilTester;
				PRODUCT_NAME = "$(TARGET_NAME)";
			};
			name = Debug;
		};
		59843B3B1DC0041400E64DEB /* Release */ = {
			isa = XCBuildConfiguration;
			buildSettings = {
				ASSETCATALOG_COMPILER_APPICON_NAME = AppIcon;
				INFOPLIST_FILE = SoilTester/Info.plist;
				IPHONEOS_DEPLOYMENT_TARGET = 8.0;
				LD_RUNPATH_SEARCH_PATHS = "$(inherited) @executable_path/Frameworks";
				PRODUCT_BUNDLE_IDENTIFIER = com.navaneet.sarma.SoilTester;
				PRODUCT_NAME = "$(TARGET_NAME)";
			};
			name = Release;
		};
/* End XCBuildConfiguration section */

/* Begin XCConfigurationList section */
		59843B1D1DC0041300E64DEB /* Build configuration list for PBXProject "SoilTester" */ = {
			isa = XCConfigurationList;
			buildConfigurations = (
				59843B371DC0041400E64DEB /* Debug */,
				59843B381DC0041400E64DEB /* Release */,
			);
			defaultConfigurationIsVisible = 0;
			defaultConfigurationName = Release;
		};
		59843B391DC0041400E64DEB /* Build configuration list for PBXNativeTarget "SoilTester" */ = {
			isa = XCConfigurationList;
			buildConfigurations = (
				59843B3A1DC0041400E64DEB /* Debug */,
				59843B3B1DC0041400E64DEB /* Release */,
			);
			defaultConfigurationIsVisible = 0;
			defaultConfigurationName = Release;
		};
/* End XCConfigurationList section */
	};
	rootObject = 59843B1A1DC0041300E64DEB /* Project object */;
}
