// !$*UTF8*$!
{
	archiveVersion = 1;
	classes = {
	};
	objectVersion = 46;
	objects = {

/* Begin PBXBuildFile section */
		5908406D1DC2015C00D17852 /* BaseState.m in Sources */ = {isa = PBXBuildFile; fileRef = 5908406C1DC2015C00D17852 /* BaseState.m */; };
		590840901DC28C2100D17852 /* iconImage.png in Resources */ = {isa = PBXBuildFile; fileRef = 5908408F1DC28C2100D17852 /* iconImage.png */; };
		595FA9C21DC33DE6006A8013 /* DryState.m in Sources */ = {isa = PBXBuildFile; fileRef = 595FA9B71DC33DE6006A8013 /* DryState.m */; };
		595FA9C31DC33DE6006A8013 /* KneadState.m in Sources */ = {isa = PBXBuildFile; fileRef = 595FA9B91DC33DE6006A8013 /* KneadState.m */; };
		595FA9C41DC33DE6006A8013 /* SandState.m in Sources */ = {isa = PBXBuildFile; fileRef = 595FA9BB1DC33DE6006A8013 /* SandState.m */; };
		595FA9C51DC33DE6006A8013 /* SqueezeIntoBallState.m in Sources */ = {isa = PBXBuildFile; fileRef = 595FA9BD1DC33DE6006A8013 /* SqueezeIntoBallState.m */; };
		595FA9C61DC33DE6006A8013 /* WateryState.m in Sources */ = {isa = PBXBuildFile; fileRef = 595FA9BF1DC33DE6006A8013 /* WateryState.m */; };
		595FA9C71DC33DE6006A8013 /* WetState.m in Sources */ = {isa = PBXBuildFile; fileRef = 595FA9C11DC33DE6006A8013 /* WetState.m */; };
		595FA9CB1DC35EBB006A8013 /* CreateRibbonState.m in Sources */ = {isa = PBXBuildFile; fileRef = 595FA9CA1DC35EBB006A8013 /* CreateRibbonState.m */; };
		595FA9CE1DC3629F006A8013 /* LoamySandState.m in Sources */ = {isa = PBXBuildFile; fileRef = 595FA9CD1DC3629F006A8013 /* LoamySandState.m */; };
		595FA9D21DC364A1006A8013 /* WeakRibbonState.m in Sources */ = {isa = PBXBuildFile; fileRef = 595FA9D11DC364A1006A8013 /* WeakRibbonState.m */; };
		595FA9D81DC36822006A8013 /* SandyLoamState.m in Sources */ = {isa = PBXBuildFile; fileRef = 595FA9D71DC36822006A8013 /* SandyLoamState.m */; };
		595FA9DC1DC36979006A8013 /* MediumRibbonState.m in Sources */ = {isa = PBXBuildFile; fileRef = 595FA9DB1DC36979006A8013 /* MediumRibbonState.m */; };
		595FA9DF1DC36A1C006A8013 /* SandyClayLoamState.m in Sources */ = {isa = PBXBuildFile; fileRef = 595FA9DE1DC36A1C006A8013 /* SandyClayLoamState.m */; };
		595FA9E31DC36B8D006A8013 /* SandyClayState.m in Sources */ = {isa = PBXBuildFile; fileRef = 595FA9E21DC36B8D006A8013 /* SandyClayState.m */; };
		595FA9E61DC36BCB006A8013 /* StrongRibbonState.m in Sources */ = {isa = PBXBuildFile; fileRef = 595FA9E51DC36BCB006A8013 /* StrongRibbonState.m */; };
		595FA9EA1DC36D0E006A8013 /* GrittyState.m in Sources */ = {isa = PBXBuildFile; fileRef = 595FA9E91DC36D0E006A8013 /* GrittyState.m */; };
		595FA9ED1DC36E55006A8013 /* GrittySandyClayLoamState.m in Sources */ = {isa = PBXBuildFile; fileRef = 595FA9EC1DC36E55006A8013 /* GrittySandyClayLoamState.m */; };
		595FA9F01DC36E81006A8013 /* GrittySandyLoamState.m in Sources */ = {isa = PBXBuildFile; fileRef = 595FA9EF1DC36E81006A8013 /* GrittySandyLoamState.m */; };
		595FA9F31DC36ECF006A8013 /* GrittySandyClayState.m in Sources */ = {isa = PBXBuildFile; fileRef = 595FA9F21DC36ECF006A8013 /* GrittySandyClayState.m */; };
		595FA9F61DC378C2006A8013 /* NonGrittyState.m in Sources */ = {isa = PBXBuildFile; fileRef = 595FA9F51DC378C2006A8013 /* NonGrittyState.m */; };
		595FA9F91DC37962006A8013 /* SmoothState.m in Sources */ = {isa = PBXBuildFile; fileRef = 595FA9F81DC37962006A8013 /* SmoothState.m */; };
		595FA9FD1DC379EC006A8013 /* LoamState.m in Sources */ = {isa = PBXBuildFile; fileRef = 595FA9FC1DC379EC006A8013 /* LoamState.m */; };
		595FAA001DC37A4F006A8013 /* NonGrittyLoamState.m in Sources */ = {isa = PBXBuildFile; fileRef = 595FA9FF1DC37A4F006A8013 /* NonGrittyLoamState.m */; };
		595FAA041DC37B18006A8013 /* ClayLoamState.m in Sources */ = {isa = PBXBuildFile; fileRef = 595FAA031DC37B18006A8013 /* ClayLoamState.m */; };
		595FAA071DC37B87006A8013 /* NonGrittyClayLoamState.m in Sources */ = {isa = PBXBuildFile; fileRef = 595FAA061DC37B87006A8013 /* NonGrittyClayLoamState.m */; };
		595FAA0B1DC37C3D006A8013 /* ClayState.m in Sources */ = {isa = PBXBuildFile; fileRef = 595FAA0A1DC37C3D006A8013 /* ClayState.m */; };
		595FAA0E1DC37C80006A8013 /* NonGrittyClayState.m in Sources */ = {isa = PBXBuildFile; fileRef = 595FAA0D1DC37C80006A8013 /* NonGrittyClayState.m */; };
		595FAA121DC3837E006A8013 /* SiltLoamState.m in Sources */ = {isa = PBXBuildFile; fileRef = 595FAA111DC3837E006A8013 /* SiltLoamState.m */; };
		595FAA151DC383BA006A8013 /* SmoothSiltLoamState.m in Sources */ = {isa = PBXBuildFile; fileRef = 595FAA141DC383BA006A8013 /* SmoothSiltLoamState.m */; };
		595FAA191DC38477006A8013 /* SiltyClayLoamState.m in Sources */ = {isa = PBXBuildFile; fileRef = 595FAA181DC38477006A8013 /* SiltyClayLoamState.m */; };
		595FAA1C1DC384B8006A8013 /* SmoothSiltyClayLoamState.m in Sources */ = {isa = PBXBuildFile; fileRef = 595FAA1B1DC384B8006A8013 /* SmoothSiltyClayLoamState.m */; };
		595FAA201DC38541006A8013 /* SiltyClayState.m in Sources */ = {isa = PBXBuildFile; fileRef = 595FAA1F1DC38541006A8013 /* SiltyClayState.m */; };
		595FAA231DC38589006A8013 /* SmoothSiltyClayState.m in Sources */ = {isa = PBXBuildFile; fileRef = 595FAA221DC38589006A8013 /* SmoothSiltyClayState.m */; };
		595FAA271DC39153006A8013 /* digSoil.png in Resources */ = {isa = PBXBuildFile; fileRef = 595FAA241DC39153006A8013 /* digSoil.png */; };
		595FAA281DC39153006A8013 /* rubSoil.png in Resources */ = {isa = PBXBuildFile; fileRef = 595FAA251DC39153006A8013 /* rubSoil.png */; };
		595FAA291DC39153006A8013 /* wetSoil.png in Resources */ = {isa = PBXBuildFile; fileRef = 595FAA261DC39153006A8013 /* wetSoil.png */; };
		59843B271DC0041400E64DEB /* main.m in Sources */ = {isa = PBXBuildFile; fileRef = 59843B261DC0041400E64DEB /* main.m */; };
		59843B2A1DC0041400E64DEB /* AppDelegate.m in Sources */ = {isa = PBXBuildFile; fileRef = 59843B291DC0041400E64DEB /* AppDelegate.m */; };
		59843B301DC0041400E64DEB /* Main.storyboard in Resources */ = {isa = PBXBuildFile; fileRef = 59843B2E1DC0041400E64DEB /* Main.storyboard */; };
		59843B321DC0041400E64DEB /* Assets.xcassets in Resources */ = {isa = PBXBuildFile; fileRef = 59843B311DC0041400E64DEB /* Assets.xcassets */; };
		59843B351DC0041400E64DEB /* LaunchScreen.storyboard in Resources */ = {isa = PBXBuildFile; fileRef = 59843B331DC0041400E64DEB /* LaunchScreen.storyboard */; };
		59DEE2921DC3EAEF0001CC89 /* ActionsViewController.m in Sources */ = {isa = PBXBuildFile; fileRef = 59DEE28B1DC3EAEF0001CC89 /* ActionsViewController.m */; };
		59DEE2931DC3EAEF0001CC89 /* BaseViewController.m in Sources */ = {isa = PBXBuildFile; fileRef = 59DEE28D1DC3EAEF0001CC89 /* BaseViewController.m */; };
		59DEE2941DC3EAEF0001CC89 /* InstructionsViewController.m in Sources */ = {isa = PBXBuildFile; fileRef = 59DEE28F1DC3EAEF0001CC89 /* InstructionsViewController.m */; };
		59DEE2951DC3EAEF0001CC89 /* ResultsViewController.m in Sources */ = {isa = PBXBuildFile; fileRef = 59DEE2911DC3EAEF0001CC89 /* ResultsViewController.m */; };
		59DEE2991DC3EF4C0001CC89 /* appIconImage.png in Resources */ = {isa = PBXBuildFile; fileRef = 59DEE2981DC3EF4C0001CC89 /* appIconImage.png */; };
/* End PBXBuildFile section */

/* Begin PBXFileReference section */
		5908406B1DC2015C00D17852 /* BaseState.h */ = {isa = PBXFileReference; fileEncoding = 4; lastKnownFileType = sourcecode.c.h; path = BaseState.h; sourceTree = "<group>"; };
		5908406C1DC2015C00D17852 /* BaseState.m */ = {isa = PBXFileReference; fileEncoding = 4; lastKnownFileType = sourcecode.c.objc; path = BaseState.m; sourceTree = "<group>"; };
		5908408F1DC28C2100D17852 /* iconImage.png */ = {isa = PBXFileReference; lastKnownFileType = image.png; path = iconImage.png; sourceTree = "<group>"; };
		595FA9B61DC33DE6006A8013 /* DryState.h */ = {isa = PBXFileReference; fileEncoding = 4; lastKnownFileType = sourcecode.c.h; path = DryState.h; sourceTree = "<group>"; };
		595FA9B71DC33DE6006A8013 /* DryState.m */ = {isa = PBXFileReference; fileEncoding = 4; lastKnownFileType = sourcecode.c.objc; path = DryState.m; sourceTree = "<group>"; };
		595FA9B81DC33DE6006A8013 /* KneadState.h */ = {isa = PBXFileReference; fileEncoding = 4; lastKnownFileType = sourcecode.c.h; path = KneadState.h; sourceTree = "<group>"; };
		595FA9B91DC33DE6006A8013 /* KneadState.m */ = {isa = PBXFileReference; fileEncoding = 4; lastKnownFileType = sourcecode.c.objc; path = KneadState.m; sourceTree = "<group>"; };
		595FA9BA1DC33DE6006A8013 /* SandState.h */ = {isa = PBXFileReference; fileEncoding = 4; lastKnownFileType = sourcecode.c.h; path = SandState.h; sourceTree = "<group>"; };
		595FA9BB1DC33DE6006A8013 /* SandState.m */ = {isa = PBXFileReference; fileEncoding = 4; lastKnownFileType = sourcecode.c.objc; path = SandState.m; sourceTree = "<group>"; };
		595FA9BC1DC33DE6006A8013 /* SqueezeIntoBallState.h */ = {isa = PBXFileReference; fileEncoding = 4; lastKnownFileType = sourcecode.c.h; path = SqueezeIntoBallState.h; sourceTree = "<group>"; };
		595FA9BD1DC33DE6006A8013 /* SqueezeIntoBallState.m */ = {isa = PBXFileReference; fileEncoding = 4; lastKnownFileType = sourcecode.c.objc; path = SqueezeIntoBallState.m; sourceTree = "<group>"; };
		595FA9BE1DC33DE6006A8013 /* WateryState.h */ = {isa = PBXFileReference; fileEncoding = 4; lastKnownFileType = sourcecode.c.h; path = WateryState.h; sourceTree = "<group>"; };
		595FA9BF1DC33DE6006A8013 /* WateryState.m */ = {isa = PBXFileReference; fileEncoding = 4; lastKnownFileType = sourcecode.c.objc; path = WateryState.m; sourceTree = "<group>"; };
		595FA9C01DC33DE6006A8013 /* WetState.h */ = {isa = PBXFileReference; fileEncoding = 4; lastKnownFileType = sourcecode.c.h; path = WetState.h; sourceTree = "<group>"; };
		595FA9C11DC33DE6006A8013 /* WetState.m */ = {isa = PBXFileReference; fileEncoding = 4; lastKnownFileType = sourcecode.c.objc; path = WetState.m; sourceTree = "<group>"; };
		595FA9C91DC35EBB006A8013 /* CreateRibbonState.h */ = {isa = PBXFileReference; fileEncoding = 4; lastKnownFileType = sourcecode.c.h; path = CreateRibbonState.h; sourceTree = "<group>"; };
		595FA9CA1DC35EBB006A8013 /* CreateRibbonState.m */ = {isa = PBXFileReference; fileEncoding = 4; lastKnownFileType = sourcecode.c.objc; path = CreateRibbonState.m; sourceTree = "<group>"; };
		595FA9CC1DC3629F006A8013 /* LoamySandState.h */ = {isa = PBXFileReference; fileEncoding = 4; lastKnownFileType = sourcecode.c.h; path = LoamySandState.h; sourceTree = "<group>"; };
		595FA9CD1DC3629F006A8013 /* LoamySandState.m */ = {isa = PBXFileReference; fileEncoding = 4; lastKnownFileType = sourcecode.c.objc; path = LoamySandState.m; sourceTree = "<group>"; };
		595FA9D01DC364A1006A8013 /* WeakRibbonState.h */ = {isa = PBXFileReference; fileEncoding = 4; lastKnownFileType = sourcecode.c.h; path = WeakRibbonState.h; sourceTree = "<group>"; };
		595FA9D11DC364A1006A8013 /* WeakRibbonState.m */ = {isa = PBXFileReference; fileEncoding = 4; lastKnownFileType = sourcecode.c.objc; path = WeakRibbonState.m; sourceTree = "<group>"; };
		595FA9D61DC36822006A8013 /* SandyLoamState.h */ = {isa = PBXFileReference; fileEncoding = 4; lastKnownFileType = sourcecode.c.h; path = SandyLoamState.h; sourceTree = "<group>"; };
		595FA9D71DC36822006A8013 /* SandyLoamState.m */ = {isa = PBXFileReference; fileEncoding = 4; lastKnownFileType = sourcecode.c.objc; path = SandyLoamState.m; sourceTree = "<group>"; };
		595FA9DA1DC36979006A8013 /* MediumRibbonState.h */ = {isa = PBXFileReference; fileEncoding = 4; lastKnownFileType = sourcecode.c.h; path = MediumRibbonState.h; sourceTree = "<group>"; };
		595FA9DB1DC36979006A8013 /* MediumRibbonState.m */ = {isa = PBXFileReference; fileEncoding = 4; lastKnownFileType = sourcecode.c.objc; path = MediumRibbonState.m; sourceTree = "<group>"; };
		595FA9DD1DC36A1C006A8013 /* SandyClayLoamState.h */ = {isa = PBXFileReference; fileEncoding = 4; lastKnownFileType = sourcecode.c.h; path = SandyClayLoamState.h; sourceTree = "<group>"; };
		595FA9DE1DC36A1C006A8013 /* SandyClayLoamState.m */ = {isa = PBXFileReference; fileEncoding = 4; lastKnownFileType = sourcecode.c.objc; path = SandyClayLoamState.m; sourceTree = "<group>"; };
		595FA9E11DC36B8D006A8013 /* SandyClayState.h */ = {isa = PBXFileReference; fileEncoding = 4; lastKnownFileType = sourcecode.c.h; path = SandyClayState.h; sourceTree = "<group>"; };
		595FA9E21DC36B8D006A8013 /* SandyClayState.m */ = {isa = PBXFileReference; fileEncoding = 4; lastKnownFileType = sourcecode.c.objc; path = SandyClayState.m; sourceTree = "<group>"; };
		595FA9E41DC36BCB006A8013 /* StrongRibbonState.h */ = {isa = PBXFileReference; fileEncoding = 4; lastKnownFileType = sourcecode.c.h; path = StrongRibbonState.h; sourceTree = "<group>"; };
		595FA9E51DC36BCB006A8013 /* StrongRibbonState.m */ = {isa = PBXFileReference; fileEncoding = 4; lastKnownFileType = sourcecode.c.objc; path = StrongRibbonState.m; sourceTree = "<group>"; };
		595FA9E81DC36D0E006A8013 /* GrittyState.h */ = {isa = PBXFileReference; fileEncoding = 4; lastKnownFileType = sourcecode.c.h; path = GrittyState.h; sourceTree = "<group>"; };
		595FA9E91DC36D0E006A8013 /* GrittyState.m */ = {isa = PBXFileReference; fileEncoding = 4; lastKnownFileType = sourcecode.c.objc; path = GrittyState.m; sourceTree = "<group>"; };
		595FA9EB1DC36E55006A8013 /* GrittySandyClayLoamState.h */ = {isa = PBXFileReference; fileEncoding = 4; lastKnownFileType = sourcecode.c.h; path = GrittySandyClayLoamState.h; sourceTree = "<group>"; };
		595FA9EC1DC36E55006A8013 /* GrittySandyClayLoamState.m */ = {isa = PBXFileReference; fileEncoding = 4; lastKnownFileType = sourcecode.c.objc; path = GrittySandyClayLoamState.m; sourceTree = "<group>"; };
		595FA9EE1DC36E81006A8013 /* GrittySandyLoamState.h */ = {isa = PBXFileReference; fileEncoding = 4; lastKnownFileType = sourcecode.c.h; path = GrittySandyLoamState.h; sourceTree = "<group>"; };
		595FA9EF1DC36E81006A8013 /* GrittySandyLoamState.m */ = {isa = PBXFileReference; fileEncoding = 4; lastKnownFileType = sourcecode.c.objc; path = GrittySandyLoamState.m; sourceTree = "<group>"; };
		595FA9F11DC36ECF006A8013 /* GrittySandyClayState.h */ = {isa = PBXFileReference; fileEncoding = 4; lastKnownFileType = sourcecode.c.h; path = GrittySandyClayState.h; sourceTree = "<group>"; };
		595FA9F21DC36ECF006A8013 /* GrittySandyClayState.m */ = {isa = PBXFileReference; fileEncoding = 4; lastKnownFileType = sourcecode.c.objc; path = GrittySandyClayState.m; sourceTree = "<group>"; };
		595FA9F41DC378C2006A8013 /* NonGrittyState.h */ = {isa = PBXFileReference; fileEncoding = 4; lastKnownFileType = sourcecode.c.h; path = NonGrittyState.h; sourceTree = "<group>"; };
		595FA9F51DC378C2006A8013 /* NonGrittyState.m */ = {isa = PBXFileReference; fileEncoding = 4; lastKnownFileType = sourcecode.c.objc; path = NonGrittyState.m; sourceTree = "<group>"; };
		595FA9F71DC37962006A8013 /* SmoothState.h */ = {isa = PBXFileReference; fileEncoding = 4; lastKnownFileType = sourcecode.c.h; path = SmoothState.h; sourceTree = "<group>"; };
		595FA9F81DC37962006A8013 /* SmoothState.m */ = {isa = PBXFileReference; fileEncoding = 4; lastKnownFileType = sourcecode.c.objc; path = SmoothState.m; sourceTree = "<group>"; };
		595FA9FB1DC379EC006A8013 /* LoamState.h */ = {isa = PBXFileReference; fileEncoding = 4; lastKnownFileType = sourcecode.c.h; path = LoamState.h; sourceTree = "<group>"; };
		595FA9FC1DC379EC006A8013 /* LoamState.m */ = {isa = PBXFileReference; fileEncoding = 4; lastKnownFileType = sourcecode.c.objc; path = LoamState.m; sourceTree = "<group>"; };
		595FA9FE1DC37A4F006A8013 /* NonGrittyLoamState.h */ = {isa = PBXFileReference; fileEncoding = 4; lastKnownFileType = sourcecode.c.h; path = NonGrittyLoamState.h; sourceTree = "<group>"; };
		595FA9FF1DC37A4F006A8013 /* NonGrittyLoamState.m */ = {isa = PBXFileReference; fileEncoding = 4; lastKnownFileType = sourcecode.c.objc; path = NonGrittyLoamState.m; sourceTree = "<group>"; };
		595FAA021DC37B18006A8013 /* ClayLoamState.h */ = {isa = PBXFileReference; fileEncoding = 4; lastKnownFileType = sourcecode.c.h; path = ClayLoamState.h; sourceTree = "<group>"; };
		595FAA031DC37B18006A8013 /* ClayLoamState.m */ = {isa = PBXFileReference; fileEncoding = 4; lastKnownFileType = sourcecode.c.objc; path = ClayLoamState.m; sourceTree = "<group>"; };
		595FAA051DC37B87006A8013 /* NonGrittyClayLoamState.h */ = {isa = PBXFileReference; fileEncoding = 4; lastKnownFileType = sourcecode.c.h; path = NonGrittyClayLoamState.h; sourceTree = "<group>"; };
		595FAA061DC37B87006A8013 /* NonGrittyClayLoamState.m */ = {isa = PBXFileReference; fileEncoding = 4; lastKnownFileType = sourcecode.c.objc; path = NonGrittyClayLoamState.m; sourceTree = "<group>"; };
		595FAA091DC37C3D006A8013 /* ClayState.h */ = {isa = PBXFileReference; fileEncoding = 4; lastKnownFileType = sourcecode.c.h; path = ClayState.h; sourceTree = "<group>"; };
		595FAA0A1DC37C3D006A8013 /* ClayState.m */ = {isa = PBXFileReference; fileEncoding = 4; lastKnownFileType = sourcecode.c.objc; path = ClayState.m; sourceTree = "<group>"; };
		595FAA0C1DC37C80006A8013 /* NonGrittyClayState.h */ = {isa = PBXFileReference; fileEncoding = 4; lastKnownFileType = sourcecode.c.h; path = NonGrittyClayState.h; sourceTree = "<group>"; };
		595FAA0D1DC37C80006A8013 /* NonGrittyClayState.m */ = {isa = PBXFileReference; fileEncoding = 4; lastKnownFileType = sourcecode.c.objc; path = NonGrittyClayState.m; sourceTree = "<group>"; };
		595FAA101DC3837E006A8013 /* SiltLoamState.h */ = {isa = PBXFileReference; fileEncoding = 4; lastKnownFileType = sourcecode.c.h; path = SiltLoamState.h; sourceTree = "<group>"; };
		595FAA111DC3837E006A8013 /* SiltLoamState.m */ = {isa = PBXFileReference; fileEncoding = 4; lastKnownFileType = sourcecode.c.objc; path = SiltLoamState.m; sourceTree = "<group>"; };
		595FAA131DC383BA006A8013 /* SmoothSiltLoamState.h */ = {isa = PBXFileReference; fileEncoding = 4; lastKnownFileType = sourcecode.c.h; path = SmoothSiltLoamState.h; sourceTree = "<group>"; };
		595FAA141DC383BA006A8013 /* SmoothSiltLoamState.m */ = {isa = PBXFileReference; fileEncoding = 4; lastKnownFileType = sourcecode.c.objc; path = SmoothSiltLoamState.m; sourceTree = "<group>"; };
		595FAA171DC38477006A8013 /* SiltyClayLoamState.h */ = {isa = PBXFileReference; fileEncoding = 4; lastKnownFileType = sourcecode.c.h; path = SiltyClayLoamState.h; sourceTree = "<group>"; };
		595FAA181DC38477006A8013 /* SiltyClayLoamState.m */ = {isa = PBXFileReference; fileEncoding = 4; lastKnownFileType = sourcecode.c.objc; path = SiltyClayLoamState.m; sourceTree = "<group>"; };
		595FAA1A1DC384B8006A8013 /* SmoothSiltyClayLoamState.h */ = {isa = PBXFileReference; fileEncoding = 4; lastKnownFileType = sourcecode.c.h; path = SmoothSiltyClayLoamState.h; sourceTree = "<group>"; };
		595FAA1B1DC384B8006A8013 /* SmoothSiltyClayLoamState.m */ = {isa = PBXFileReference; fileEncoding = 4; lastKnownFileType = sourcecode.c.objc; path = SmoothSiltyClayLoamState.m; sourceTree = "<group>"; };
		595FAA1E1DC38541006A8013 /* SiltyClayState.h */ = {isa = PBXFileReference; fileEncoding = 4; lastKnownFileType = sourcecode.c.h; path = SiltyClayState.h; sourceTree = "<group>"; };
		595FAA1F1DC38541006A8013 /* SiltyClayState.m */ = {isa = PBXFileReference; fileEncoding = 4; lastKnownFileType = sourcecode.c.objc; path = SiltyClayState.m; sourceTree = "<group>"; };
		595FAA211DC38589006A8013 /* SmoothSiltyClayState.h */ = {isa = PBXFileReference; fileEncoding = 4; lastKnownFileType = sourcecode.c.h; path = SmoothSiltyClayState.h; sourceTree = "<group>"; };
		595FAA221DC38589006A8013 /* SmoothSiltyClayState.m */ = {isa = PBXFileReference; fileEncoding = 4; lastKnownFileType = sourcecode.c.objc; path = SmoothSiltyClayState.m; sourceTree = "<group>"; };
		595FAA241DC39153006A8013 /* digSoil.png */ = {isa = PBXFileReference; lastKnownFileType = image.png; path = digSoil.png; sourceTree = "<group>"; };
		595FAA251DC39153006A8013 /* rubSoil.png */ = {isa = PBXFileReference; lastKnownFileType = image.png; path = rubSoil.png; sourceTree = "<group>"; };
		595FAA261DC39153006A8013 /* wetSoil.png */ = {isa = PBXFileReference; lastKnownFileType = image.png; path = wetSoil.png; sourceTree = "<group>"; };
		59843B221DC0041400E64DEB /* SoilTester.app */ = {isa = PBXFileReference; explicitFileType = wrapper.application; includeInIndex = 0; path = SoilTester.app; sourceTree = BUILT_PRODUCTS_DIR; };
		59843B261DC0041400E64DEB /* main.m */ = {isa = PBXFileReference; lastKnownFileType = sourcecode.c.objc; path = main.m; sourceTree = "<group>"; };
		59843B281DC0041400E64DEB /* AppDelegate.h */ = {isa = PBXFileReference; lastKnownFileType = sourcecode.c.h; path = AppDelegate.h; sourceTree = "<group>"; };
		59843B291DC0041400E64DEB /* AppDelegate.m */ = {isa = PBXFileReference; lastKnownFileType = sourcecode.c.objc; path = AppDelegate.m; sourceTree = "<group>"; };
		59843B2F1DC0041400E64DEB /* Base */ = {isa = PBXFileReference; lastKnownFileType = file.storyboard; name = Base; path = Base.lproj/Main.storyboard; sourceTree = "<group>"; };
		59843B311DC0041400E64DEB /* Assets.xcassets */ = {isa = PBXFileReference; lastKnownFileType = folder.assetcatalog; path = Assets.xcassets; sourceTree = "<group>"; };
		59843B341DC0041400E64DEB /* Base */ = {isa = PBXFileReference; lastKnownFileType = file.storyboard; name = Base; path = Base.lproj/LaunchScreen.storyboard; sourceTree = "<group>"; };
		59843B361DC0041400E64DEB /* Info.plist */ = {isa = PBXFileReference; lastKnownFileType = text.plist.xml; path = Info.plist; sourceTree = "<group>"; };
		59DEE28A1DC3EAEF0001CC89 /* ActionsViewController.h */ = {isa = PBXFileReference; fileEncoding = 4; lastKnownFileType = sourcecode.c.h; path = ActionsViewController.h; sourceTree = "<group>"; };
		59DEE28B1DC3EAEF0001CC89 /* ActionsViewController.m */ = {isa = PBXFileReference; fileEncoding = 4; lastKnownFileType = sourcecode.c.objc; path = ActionsViewController.m; sourceTree = "<group>"; };
		59DEE28C1DC3EAEF0001CC89 /* BaseViewController.h */ = {isa = PBXFileReference; fileEncoding = 4; lastKnownFileType = sourcecode.c.h; path = BaseViewController.h; sourceTree = "<group>"; };
		59DEE28D1DC3EAEF0001CC89 /* BaseViewController.m */ = {isa = PBXFileReference; fileEncoding = 4; lastKnownFileType = sourcecode.c.objc; path = BaseViewController.m; sourceTree = "<group>"; };
		59DEE28E1DC3EAEF0001CC89 /* InstructionsViewController.h */ = {isa = PBXFileReference; fileEncoding = 4; lastKnownFileType = sourcecode.c.h; path = InstructionsViewController.h; sourceTree = "<group>"; };
		59DEE28F1DC3EAEF0001CC89 /* InstructionsViewController.m */ = {isa = PBXFileReference; fileEncoding = 4; lastKnownFileType = sourcecode.c.objc; path = InstructionsViewController.m; sourceTree = "<group>"; };
		59DEE2901DC3EAEF0001CC89 /* ResultsViewController.h */ = {isa = PBXFileReference; fileEncoding = 4; lastKnownFileType = sourcecode.c.h; path = ResultsViewController.h; sourceTree = "<group>"; };
		59DEE2911DC3EAEF0001CC89 /* ResultsViewController.m */ = {isa = PBXFileReference; fileEncoding = 4; lastKnownFileType = sourcecode.c.objc; path = ResultsViewController.m; sourceTree = "<group>"; };
		59DEE2981DC3EF4C0001CC89 /* appIconImage.png */ = {isa = PBXFileReference; lastKnownFileType = image.png; path = appIconImage.png; sourceTree = "<group>"; };
/* End PBXFileReference section */

/* Begin PBXFrameworksBuildPhase section */
		59843B1F1DC0041300E64DEB /* Frameworks */ = {
			isa = PBXFrameworksBuildPhase;
			buildActionMask = 2147483647;
			files = (
			);
			runOnlyForDeploymentPostprocessing = 0;
		};
/* End PBXFrameworksBuildPhase section */

/* Begin PBXGroup section */
		5908406A1DC2012D00D17852 /* States */ = {
			isa = PBXGroup;
			children = (
				5908406B1DC2015C00D17852 /* BaseState.h */,
				5908406C1DC2015C00D17852 /* BaseState.m */,
				595FA9E71DC36CC8006A8013 /* SharedStates */,
				595FAA1D1DC38517006A8013 /* SiltyClay */,
				595FAA161DC38460006A8013 /* SiltyClayLoam */,
				595FAA0F1DC3835C006A8013 /* SiltLoam */,
				595FAA081DC37BFB006A8013 /* Clay */,
				595FAA011DC37AF4006A8013 /* ClayLoam */,
				595FA9FA1DC379C8006A8013 /* Loam */,
				595FA9A31DC33D8C006A8013 /* Sand */,
				595FA9E01DC36B74006A8013 /* SandyClay */,
				595FA9D91DC3693F006A8013 /* SandyClayLoam */,
				595FA9C81DC35E82006A8013 /* LoamySand */,
				595FA9CF1DC36451006A8013 /* SandyLoam */,
			);
			path = States;
			sourceTree = "<group>";
		};
		5908408E1DC28C2100D17852 /* Images */ = {
			isa = PBXGroup;
			children = (
				59DEE2981DC3EF4C0001CC89 /* appIconImage.png */,
				5908408F1DC28C2100D17852 /* iconImage.png */,
				595FAA241DC39153006A8013 /* digSoil.png */,
				595FAA251DC39153006A8013 /* rubSoil.png */,
				595FAA261DC39153006A8013 /* wetSoil.png */,
			);
			path = Images;
			sourceTree = "<group>";
		};
		595FA9A31DC33D8C006A8013 /* Sand */ = {
			isa = PBXGroup;
			children = (
				595FA9B61DC33DE6006A8013 /* DryState.h */,
				595FA9B71DC33DE6006A8013 /* DryState.m */,
				595FA9B81DC33DE6006A8013 /* KneadState.h */,
				595FA9B91DC33DE6006A8013 /* KneadState.m */,
				595FA9BA1DC33DE6006A8013 /* SandState.h */,
				595FA9BB1DC33DE6006A8013 /* SandState.m */,
				595FA9BC1DC33DE6006A8013 /* SqueezeIntoBallState.h */,
				595FA9BD1DC33DE6006A8013 /* SqueezeIntoBallState.m */,
				595FA9BE1DC33DE6006A8013 /* WateryState.h */,
				595FA9BF1DC33DE6006A8013 /* WateryState.m */,
				595FA9C01DC33DE6006A8013 /* WetState.h */,
				595FA9C11DC33DE6006A8013 /* WetState.m */,
			);
			path = Sand;
			sourceTree = "<group>";
		};
		595FA9C81DC35E82006A8013 /* LoamySand */ = {
			isa = PBXGroup;
			children = (
				595FA9CC1DC3629F006A8013 /* LoamySandState.h */,
				595FA9CD1DC3629F006A8013 /* LoamySandState.m */,
				595FA9C91DC35EBB006A8013 /* CreateRibbonState.h */,
				595FA9CA1DC35EBB006A8013 /* CreateRibbonState.m */,
			);
			path = LoamySand;
			sourceTree = "<group>";
		};
		595FA9CF1DC36451006A8013 /* SandyLoam */ = {
			isa = PBXGroup;
			children = (
				595FA9D61DC36822006A8013 /* SandyLoamState.h */,
				595FA9D71DC36822006A8013 /* SandyLoamState.m */,
				595FA9D01DC364A1006A8013 /* WeakRibbonState.h */,
				595FA9D11DC364A1006A8013 /* WeakRibbonState.m */,
				595FA9EE1DC36E81006A8013 /* GrittySandyLoamState.h */,
				595FA9EF1DC36E81006A8013 /* GrittySandyLoamState.m */,
			);
			path = SandyLoam;
			sourceTree = "<group>";
		};
		595FA9D91DC3693F006A8013 /* SandyClayLoam */ = {
			isa = PBXGroup;
			children = (
				595FA9DD1DC36A1C006A8013 /* SandyClayLoamState.h */,
				595FA9DE1DC36A1C006A8013 /* SandyClayLoamState.m */,
				595FA9DA1DC36979006A8013 /* MediumRibbonState.h */,
				595FA9DB1DC36979006A8013 /* MediumRibbonState.m */,
				595FA9EB1DC36E55006A8013 /* GrittySandyClayLoamState.h */,
				595FA9EC1DC36E55006A8013 /* GrittySandyClayLoamState.m */,
			);
			path = SandyClayLoam;
			sourceTree = "<group>";
		};
		595FA9E01DC36B74006A8013 /* SandyClay */ = {
			isa = PBXGroup;
			children = (
				595FA9E11DC36B8D006A8013 /* SandyClayState.h */,
				595FA9E21DC36B8D006A8013 /* SandyClayState.m */,
				595FA9E41DC36BCB006A8013 /* StrongRibbonState.h */,
				595FA9E51DC36BCB006A8013 /* StrongRibbonState.m */,
				595FA9F11DC36ECF006A8013 /* GrittySandyClayState.h */,
				595FA9F21DC36ECF006A8013 /* GrittySandyClayState.m */,
			);
			path = SandyClay;
			sourceTree = "<group>";
		};
		595FA9E71DC36CC8006A8013 /* SharedStates */ = {
			isa = PBXGroup;
			children = (
				595FA9E81DC36D0E006A8013 /* GrittyState.h */,
				595FA9E91DC36D0E006A8013 /* GrittyState.m */,
				595FA9F41DC378C2006A8013 /* NonGrittyState.h */,
				595FA9F51DC378C2006A8013 /* NonGrittyState.m */,
				595FA9F71DC37962006A8013 /* SmoothState.h */,
				595FA9F81DC37962006A8013 /* SmoothState.m */,
			);
			path = SharedStates;
			sourceTree = "<group>";
		};
		595FA9FA1DC379C8006A8013 /* Loam */ = {
			isa = PBXGroup;
			children = (
				595FA9FB1DC379EC006A8013 /* LoamState.h */,
				595FA9FC1DC379EC006A8013 /* LoamState.m */,
				595FA9FE1DC37A4F006A8013 /* NonGrittyLoamState.h */,
				595FA9FF1DC37A4F006A8013 /* NonGrittyLoamState.m */,
			);
			path = Loam;
			sourceTree = "<group>";
		};
		595FAA011DC37AF4006A8013 /* ClayLoam */ = {
			isa = PBXGroup;
			children = (
				595FAA021DC37B18006A8013 /* ClayLoamState.h */,
				595FAA031DC37B18006A8013 /* ClayLoamState.m */,
				595FAA051DC37B87006A8013 /* NonGrittyClayLoamState.h */,
				595FAA061DC37B87006A8013 /* NonGrittyClayLoamState.m */,
			);
			path = ClayLoam;
			sourceTree = "<group>";
		};
		595FAA081DC37BFB006A8013 /* Clay */ = {
			isa = PBXGroup;
			children = (
				595FAA091DC37C3D006A8013 /* ClayState.h */,
				595FAA0A1DC37C3D006A8013 /* ClayState.m */,
				595FAA0C1DC37C80006A8013 /* NonGrittyClayState.h */,
				595FAA0D1DC37C80006A8013 /* NonGrittyClayState.m */,
			);
			path = Clay;
			sourceTree = "<group>";
		};
		595FAA0F1DC3835C006A8013 /* SiltLoam */ = {
			isa = PBXGroup;
			children = (
				595FAA101DC3837E006A8013 /* SiltLoamState.h */,
				595FAA111DC3837E006A8013 /* SiltLoamState.m */,
				595FAA131DC383BA006A8013 /* SmoothSiltLoamState.h */,
				595FAA141DC383BA006A8013 /* SmoothSiltLoamState.m */,
			);
			path = SiltLoam;
			sourceTree = "<group>";
		};
		595FAA161DC38460006A8013 /* SiltyClayLoam */ = {
			isa = PBXGroup;
			children = (
				595FAA171DC38477006A8013 /* SiltyClayLoamState.h */,
				595FAA181DC38477006A8013 /* SiltyClayLoamState.m */,
				595FAA1A1DC384B8006A8013 /* SmoothSiltyClayLoamState.h */,
				595FAA1B1DC384B8006A8013 /* SmoothSiltyClayLoamState.m */,
			);
			path = SiltyClayLoam;
			sourceTree = "<group>";
		};
		595FAA1D1DC38517006A8013 /* SiltyClay */ = {
			isa = PBXGroup;
			children = (
				595FAA1E1DC38541006A8013 /* SiltyClayState.h */,
				595FAA1F1DC38541006A8013 /* SiltyClayState.m */,
				595FAA211DC38589006A8013 /* SmoothSiltyClayState.h */,
				595FAA221DC38589006A8013 /* SmoothSiltyClayState.m */,
			);
			path = SiltyClay;
			sourceTree = "<group>";
		};
		59843B191DC0041300E64DEB = {
			isa = PBXGroup;
			children = (
				59843B241DC0041400E64DEB /* SoilTester */,
				59843B231DC0041400E64DEB /* Products */,
			);
			sourceTree = "<group>";
		};
		59843B231DC0041400E64DEB /* Products */ = {
			isa = PBXGroup;
			children = (
				59843B221DC0041400E64DEB /* SoilTester.app */,
			);
			name = Products;
			sourceTree = "<group>";
		};
		59843B241DC0041400E64DEB /* SoilTester */ = {
			isa = PBXGroup;
			children = (
				59843B281DC0041400E64DEB /* AppDelegate.h */,
				59843B291DC0041400E64DEB /* AppDelegate.m */,
				59DEE29A1DC3EFD10001CC89 /* Views */,
				59DEE2891DC3EAEF0001CC89 /* ViewControllers */,
				5908406A1DC2012D00D17852 /* States */,
				5908408E1DC28C2100D17852 /* Images */,
				59843B311DC0041400E64DEB /* Assets.xcassets */,
				59843B361DC0041400E64DEB /* Info.plist */,
				59843B251DC0041400E64DEB /* Supporting Files */,
			);
			path = SoilTester;
			sourceTree = "<group>";
		};
		59843B251DC0041400E64DEB /* Supporting Files */ = {
			isa = PBXGroup;
			children = (
				59843B261DC0041400E64DEB /* main.m */,
			);
			name = "Supporting Files";
			sourceTree = "<group>";
		};
		59DEE2891DC3EAEF0001CC89 /* ViewControllers */ = {
			isa = PBXGroup;
			children = (
				59DEE28A1DC3EAEF0001CC89 /* ActionsViewController.h */,
				59DEE28B1DC3EAEF0001CC89 /* ActionsViewController.m */,
				59DEE28C1DC3EAEF0001CC89 /* BaseViewController.h */,
				59DEE28D1DC3EAEF0001CC89 /* BaseViewController.m */,
				59DEE28E1DC3EAEF0001CC89 /* InstructionsViewController.h */,
				59DEE28F1DC3EAEF0001CC89 /* InstructionsViewController.m */,
				59DEE2901DC3EAEF0001CC89 /* ResultsViewController.h */,
				59DEE2911DC3EAEF0001CC89 /* ResultsViewController.m */,
			);
			path = ViewControllers;
			sourceTree = "<group>";
		};
		59DEE29A1DC3EFD10001CC89 /* Views */ = {
			isa = PBXGroup;
			children = (
				59843B2E1DC0041400E64DEB /* Main.storyboard */,
				59843B331DC0041400E64DEB /* LaunchScreen.storyboard */,
			);
			name = Views;
			sourceTree = "<group>";
		};
/* End PBXGroup section */

/* Begin PBXNativeTarget section */
		59843B211DC0041300E64DEB /* SoilTester */ = {
			isa = PBXNativeTarget;
			buildConfigurationList = 59843B391DC0041400E64DEB /* Build configuration list for PBXNativeTarget "SoilTester" */;
			buildPhases = (
				59843B1E1DC0041300E64DEB /* Sources */,
				59843B1F1DC0041300E64DEB /* Frameworks */,
				59843B201DC0041300E64DEB /* Resources */,
			);
			buildRules = (
			);
			dependencies = (
			);
			name = SoilTester;
			productName = SoilTester;
			productReference = 59843B221DC0041400E64DEB /* SoilTester.app */;
			productType = "com.apple.product-type.application";
		};
/* End PBXNativeTarget section */

/* Begin PBXProject section */
		59843B1A1DC0041300E64DEB /* Project object */ = {
			isa = PBXProject;
			attributes = {
				LastUpgradeCheck = 0810;
				ORGANIZATIONNAME = "Navaneet Sarma";
				TargetAttributes = {
					59843B211DC0041300E64DEB = {
						CreatedOnToolsVersion = 8.0;
						ProvisioningStyle = Automatic;
					};
				};
			};
			buildConfigurationList = 59843B1D1DC0041300E64DEB /* Build configuration list for PBXProject "SoilTester" */;
			compatibilityVersion = "Xcode 3.2";
			developmentRegion = English;
			hasScannedForEncodings = 0;
			knownRegions = (
				en,
				Base,
			);
			mainGroup = 59843B191DC0041300E64DEB;
			productRefGroup = 59843B231DC0041400E64DEB /* Products */;
			projectDirPath = "";
			projectRoot = "";
			targets = (
				59843B211DC0041300E64DEB /* SoilTester */,
			);
		};
/* End PBXProject section */

/* Begin PBXResourcesBuildPhase section */
		59843B201DC0041300E64DEB /* Resources */ = {
			isa = PBXResourcesBuildPhase;
			buildActionMask = 2147483647;
			files = (
				59DEE2991DC3EF4C0001CC89 /* appIconImage.png in Resources */,
				595FAA271DC39153006A8013 /* digSoil.png in Resources */,
				590840901DC28C2100D17852 /* iconImage.png in Resources */,
				595FAA281DC39153006A8013 /* rubSoil.png in Resources */,
				59843B351DC0041400E64DEB /* LaunchScreen.storyboard in Resources */,
				59843B321DC0041400E64DEB /* Assets.xcassets in Resources */,
				59843B301DC0041400E64DEB /* Main.storyboard in Resources */,
				595FAA291DC39153006A8013 /* wetSoil.png in Resources */,
			);
			runOnlyForDeploymentPostprocessing = 0;
		};
/* End PBXResourcesBuildPhase section */

/* Begin PBXSourcesBuildPhase section */
		59843B1E1DC0041300E64DEB /* Sources */ = {
			isa = PBXSourcesBuildPhase;
			buildActionMask = 2147483647;
			files = (
				595FA9E61DC36BCB006A8013 /* StrongRibbonState.m in Sources */,
				59DEE2941DC3EAEF0001CC89 /* InstructionsViewController.m in Sources */,
				59843B2A1DC0041400E64DEB /* AppDelegate.m in Sources */,
				59DEE2921DC3EAEF0001CC89 /* ActionsViewController.m in Sources */,
				595FA9D21DC364A1006A8013 /* WeakRibbonState.m in Sources */,
				595FA9C41DC33DE6006A8013 /* SandState.m in Sources */,
				595FA9DC1DC36979006A8013 /* MediumRibbonState.m in Sources */,
				595FA9C31DC33DE6006A8013 /* KneadState.m in Sources */,
				595FA9F01DC36E81006A8013 /* GrittySandyLoamState.m in Sources */,
				595FA9C51DC33DE6006A8013 /* SqueezeIntoBallState.m in Sources */,
				59843B271DC0041400E64DEB /* main.m in Sources */,
				5908406D1DC2015C00D17852 /* BaseState.m in Sources */,
				59DEE2951DC3EAEF0001CC89 /* ResultsViewController.m in Sources */,
				595FA9C71DC33DE6006A8013 /* WetState.m in Sources */,
				595FA9EA1DC36D0E006A8013 /* GrittyState.m in Sources */,
				595FAA1C1DC384B8006A8013 /* SmoothSiltyClayLoamState.m in Sources */,
				595FA9C21DC33DE6006A8013 /* DryState.m in Sources */,
				595FAA191DC38477006A8013 /* SiltyClayLoamState.m in Sources */,
				595FA9E31DC36B8D006A8013 /* SandyClayState.m in Sources */,
				595FAA0B1DC37C3D006A8013 /* ClayState.m in Sources */,
				595FA9F31DC36ECF006A8013 /* GrittySandyClayState.m in Sources */,
				595FA9DF1DC36A1C006A8013 /* SandyClayLoamState.m in Sources */,
				595FA9C61DC33DE6006A8013 /* WateryState.m in Sources */,
				595FAA201DC38541006A8013 /* SiltyClayState.m in Sources */,
				595FA9ED1DC36E55006A8013 /* GrittySandyClayLoamState.m in Sources */,
				595FAA001DC37A4F006A8013 /* NonGrittyLoamState.m in Sources */,
				595FAA0E1DC37C80006A8013 /* NonGrittyClayState.m in Sources */,
				595FAA151DC383BA006A8013 /* SmoothSiltLoamState.m in Sources */,
				595FAA071DC37B87006A8013 /* NonGrittyClayLoamState.m in Sources */,
				595FA9FD1DC379EC006A8013 /* LoamState.m in Sources */,
				595FA9F61DC378C2006A8013 /* NonGrittyState.m in Sources */,
				595FA9CE1DC3629F006A8013 /* LoamySandState.m in Sources */,
				595FAA231DC38589006A8013 /* SmoothSiltyClayState.m in Sources */,
				595FA9F91DC37962006A8013 /* SmoothState.m in Sources */,
				59DEE2931DC3EAEF0001CC89 /* BaseViewController.m in Sources */,
				595FAA041DC37B18006A8013 /* ClayLoamState.m in Sources */,
				595FA9D81DC36822006A8013 /* SandyLoamState.m in Sources */,
				595FAA121DC3837E006A8013 /* SiltLoamState.m in Sources */,
				595FA9CB1DC35EBB006A8013 /* CreateRibbonState.m in Sources */,
			);
			runOnlyForDeploymentPostprocessing = 0;
		};
/* End PBXSourcesBuildPhase section */

/* Begin PBXVariantGroup section */
		59843B2E1DC0041400E64DEB /* Main.storyboard */ = {
			isa = PBXVariantGroup;
			children = (
				59843B2F1DC0041400E64DEB /* Base */,
			);
			name = Main.storyboard;
			sourceTree = "<group>";
		};
		59843B331DC0041400E64DEB /* LaunchScreen.storyboard */ = {
			isa = PBXVariantGroup;
			children = (
				59843B341DC0041400E64DEB /* Base */,
			);
			name = LaunchScreen.storyboard;
			sourceTree = "<group>";
		};
/* End PBXVariantGroup section */

/* Begin XCBuildConfiguration section */
		59843B371DC0041400E64DEB /* Debug */ = {
			isa = XCBuildConfiguration;
			buildSettings = {
				ALWAYS_SEARCH_USER_PATHS = NO;
				CLANG_ANALYZER_NONNULL = YES;
				CLANG_CXX_LANGUAGE_STANDARD = "gnu++0x";
				CLANG_CXX_LIBRARY = "libc++";
				CLANG_ENABLE_MODULES = YES;
				CLANG_ENABLE_OBJC_ARC = YES;
				CLANG_WARN_BOOL_CONVERSION = YES;
				CLANG_WARN_CONSTANT_CONVERSION = YES;
				CLANG_WARN_DIRECT_OBJC_ISA_USAGE = YES_ERROR;
				CLANG_WARN_DOCUMENTATION_COMMENTS = YES;
				CLANG_WARN_EMPTY_BODY = YES;
				CLANG_WARN_ENUM_CONVERSION = YES;
				CLANG_WARN_INFINITE_RECURSION = YES;
				CLANG_WARN_INT_CONVERSION = YES;
				CLANG_WARN_OBJC_ROOT_CLASS = YES_ERROR;
				CLANG_WARN_SUSPICIOUS_MOVE = YES;
				CLANG_WARN_SUSPICIOUS_MOVES = YES;
				CLANG_WARN_UNREACHABLE_CODE = YES;
				CLANG_WARN__DUPLICATE_METHOD_MATCH = YES;
				"CODE_SIGN_IDENTITY[sdk=iphoneos*]" = "iPhone Developer";
				COPY_PHASE_STRIP = NO;
				DEBUG_INFORMATION_FORMAT = dwarf;
				ENABLE_STRICT_OBJC_MSGSEND = YES;
				ENABLE_TESTABILITY = YES;
				GCC_C_LANGUAGE_STANDARD = gnu99;
				GCC_DYNAMIC_NO_PIC = NO;
				GCC_NO_COMMON_BLOCKS = YES;
				GCC_OPTIMIZATION_LEVEL = 0;
				GCC_PREPROCESSOR_DEFINITIONS = (
					"DEBUG=1",
					"$(inherited)",
				);
				GCC_WARN_64_TO_32_BIT_CONVERSION = YES;
				GCC_WARN_ABOUT_RETURN_TYPE = YES_ERROR;
				GCC_WARN_UNDECLARED_SELECTOR = YES;
				GCC_WARN_UNINITIALIZED_AUTOS = YES_AGGRESSIVE;
				GCC_WARN_UNUSED_FUNCTION = YES;
				GCC_WARN_UNUSED_VARIABLE = YES;
				IPHONEOS_DEPLOYMENT_TARGET = 10.0;
				MTL_ENABLE_DEBUG_INFO = YES;
				ONLY_ACTIVE_ARCH = YES;
				SDKROOT = iphoneos;
				TARGETED_DEVICE_FAMILY = "1,2";
			};
			name = Debug;
		};
		59843B381DC0041400E64DEB /* Release */ = {
			isa = XCBuildConfiguration;
			buildSettings = {
				ALWAYS_SEARCH_USER_PATHS = NO;
				CLANG_ANALYZER_NONNULL = YES;
				CLANG_CXX_LANGUAGE_STANDARD = "gnu++0x";
				CLANG_CXX_LIBRARY = "libc++";
				CLANG_ENABLE_MODULES = YES;
				CLANG_ENABLE_OBJC_ARC = YES;
				CLANG_WARN_BOOL_CONVERSION = YES;
				CLANG_WARN_CONSTANT_CONVERSION = YES;
				CLANG_WARN_DIRECT_OBJC_ISA_USAGE = YES_ERROR;
				CLANG_WARN_DOCUMENTATION_COMMENTS = YES;
				CLANG_WARN_EMPTY_BODY = YES;
				CLANG_WARN_ENUM_CONVERSION = YES;
				CLANG_WARN_INFINITE_RECURSION = YES;
				CLANG_WARN_INT_CONVERSION = YES;
				CLANG_WARN_OBJC_ROOT_CLASS = YES_ERROR;
				CLANG_WARN_SUSPICIOUS_MOVE = YES;
				CLANG_WARN_SUSPICIOUS_MOVES = YES;
				CLANG_WARN_UNREACHABLE_CODE = YES;
				CLANG_WARN__DUPLICATE_METHOD_MATCH = YES;
				"CODE_SIGN_IDENTITY[sdk=iphoneos*]" = "iPhone Developer";
				COPY_PHASE_STRIP = NO;
				DEBUG_INFORMATION_FORMAT = "dwarf-with-dsym";
				ENABLE_NS_ASSERTIONS = NO;
				ENABLE_STRICT_OBJC_MSGSEND = YES;
				GCC_C_LANGUAGE_STANDARD = gnu99;
				GCC_NO_COMMON_BLOCKS = YES;
				GCC_WARN_64_TO_32_BIT_CONVERSION = YES;
				GCC_WARN_ABOUT_RETURN_TYPE = YES_ERROR;
				GCC_WARN_UNDECLARED_SELECTOR = YES;
				GCC_WARN_UNINITIALIZED_AUTOS = YES_AGGRESSIVE;
				GCC_WARN_UNUSED_FUNCTION = YES;
				GCC_WARN_UNUSED_VARIABLE = YES;
				IPHONEOS_DEPLOYMENT_TARGET = 10.0;
				MTL_ENABLE_DEBUG_INFO = NO;
				SDKROOT = iphoneos;
				TARGETED_DEVICE_FAMILY = "1,2";
				VALIDATE_PRODUCT = YES;
			};
			name = Release;
		};
		59843B3A1DC0041400E64DEB /* Debug */ = {
			isa = XCBuildConfiguration;
			buildSettings = {
				ASSETCATALOG_COMPILER_APPICON_NAME = AppIcon;
				INFOPLIST_FILE = SoilTester/Info.plist;
				IPHONEOS_DEPLOYMENT_TARGET = 8.0;
				LD_RUNPATH_SEARCH_PATHS = "$(inherited) @executable_path/Frameworks";
				PRODUCT_BUNDLE_IDENTIFIER = com.navaneet.sarma.SoilTester;
				PRODUCT_NAME = "$(TARGET_NAME)";
			};
			name = Debug;
		};
		59843B3B1DC0041400E64DEB /* Release */ = {
			isa = XCBuildConfiguration;
			buildSettings = {
				ASSETCATALOG_COMPILER_APPICON_NAME = AppIcon;
				INFOPLIST_FILE = SoilTester/Info.plist;
				IPHONEOS_DEPLOYMENT_TARGET = 8.0;
				LD_RUNPATH_SEARCH_PATHS = "$(inherited) @executable_path/Frameworks";
				PRODUCT_BUNDLE_IDENTIFIER = com.navaneet.sarma.SoilTester;
				PRODUCT_NAME = "$(TARGET_NAME)";
			};
			name = Release;
		};
/* End XCBuildConfiguration section */

/* Begin XCConfigurationList section */
		59843B1D1DC0041300E64DEB /* Build configuration list for PBXProject "SoilTester" */ = {
			isa = XCConfigurationList;
			buildConfigurations = (
				59843B371DC0041400E64DEB /* Debug */,
				59843B381DC0041400E64DEB /* Release */,
			);
			defaultConfigurationIsVisible = 0;
			defaultConfigurationName = Release;
		};
		59843B391DC0041400E64DEB /* Build configuration list for PBXNativeTarget "SoilTester" */ = {
			isa = XCConfigurationList;
			buildConfigurations = (
				59843B3A1DC0041400E64DEB /* Debug */,
				59843B3B1DC0041400E64DEB /* Release */,
			);
			defaultConfigurationIsVisible = 0;
			defaultConfigurationName = Release;
		};
/* End XCConfigurationList section */
	};
	rootObject = 59843B1A1DC0041300E64DEB /* Project object */;
}
